
Microsoft Visual Studio Solution File, Format Version 12.00
# Visual Studio Version 16
VisualStudioVersion = 16.0.32602.291
MinimumVisualStudioVersion = 10.0.40219.1
Project("{FAE04EC0-301F-11D3-BF4B-00C04F79EFBC}") = "HBMP", "HBMP.csproj", "{479CB284-B764-4F03-BAD1-CC3BBEE4D83E}"
EndProject
Global
	GlobalSection(SolutionConfigurationPlatforms) = preSolution
		Debug|Any CPU = Debug|Any CPU
		Release|Any CPU = Release|Any CPU
	EndGlobalSection
	GlobalSection(ProjectConfigurationPlatforms) = postSolution
		{479CB284-B764-4F03-BAD1-CC3BBEE4D83E}.Debug|Any CPU.ActiveCfg = Debug|Any CPU
		{479CB284-B764-4F03-BAD1-CC3BBEE4D83E}.Debug|Any CPU.Build.0 = Debug|Any CPU
		{479CB284-B764-4F03-BAD1-CC3BBEE4D83E}.Release|Any CPU.ActiveCfg = Release|Any CPU
		{479CB284-B764-4F03-BAD1-CC3BBEE4D83E}.Release|Any CPU.Build.0 = Release|Any CPU
	EndGlobalSection
	GlobalSection(SolutionProperties) = preSolution
		HideSolutionNode = FALSE
	EndGlobalSection
	GlobalSection(ExtensibilityGlobals) = postSolution
		SolutionGuid = {B9472882-5C7C-4431-A4C9-D35F0D12A686}
	EndGlobalSection
EndGlobal
